
Microsoft Visual Studio Solution File, Format Version 12.00
# Visual Studio Version 17
VisualStudioVersion = 17.4.33213.308
MinimumVisualStudioVersion = 10.0.40219.1
Project("{FAE04EC0-301F-11D3-BF4B-00C04F79EFBC}") = "MvcMovie", "MvcMovie\MvcMovie.csproj", "{FFA8DB0A-A771-4934-A7A6-EDF6C301C721}"
EndProject
Global
	GlobalSection(SolutionConfigurationPlatforms) = preSolution
		Debug|Any CPU = Debug|Any CPU
		Release|Any CPU = Release|Any CPU
	EndGlobalSection
	GlobalSection(ProjectConfigurationPlatforms) = postSolution
		{FFA8DB0A-A771-4934-A7A6-EDF6C301C721}.Debug|Any CPU.ActiveCfg = Debug|Any CPU
		{FFA8DB0A-A771-4934-A7A6-EDF6C301C721}.Debug|Any CPU.Build.0 = Debug|Any CPU
		{FFA8DB0A-A771-4934-A7A6-EDF6C301C721}.Release|Any CPU.ActiveCfg = Release|Any CPU
		{FFA8DB0A-A771-4934-A7A6-EDF6C301C721}.Release|Any CPU.Build.0 = Release|Any CPU
	EndGlobalSection
	GlobalSection(SolutionProperties) = preSolution
		HideSolutionNode = FALSE
	EndGlobalSection
	GlobalSection(ExtensibilityGlobals) = postSolution
		SolutionGuid = {03743B31-3159-4B4F-B55D-6200F1F7938E}
	EndGlobalSection
EndGlobal
