
Microsoft Visual Studio Solution File, Format Version 12.00
# Visual Studio Version 17
VisualStudioVersion = 17.4.33213.308
MinimumVisualStudioVersion = 10.0.40219.1
Project("{9A19103F-16F7-4668-BE54-9A1E7A4F7556}") = "RazorPagesMovie", "Razor-Pages\RazorPagesMovie.csproj", "{DE69AC87-3384-47FC-9DC3-BFA9A7022479}"
EndProject
Global
	GlobalSection(SolutionConfigurationPlatforms) = preSolution
		Debug|Any CPU = Debug|Any CPU
		Release|Any CPU = Release|Any CPU
	EndGlobalSection
	GlobalSection(ProjectConfigurationPlatforms) = postSolution
		{DE69AC87-3384-47FC-9DC3-BFA9A7022479}.Debug|Any CPU.ActiveCfg = Debug|Any CPU
		{DE69AC87-3384-47FC-9DC3-BFA9A7022479}.Debug|Any CPU.Build.0 = Debug|Any CPU
		{DE69AC87-3384-47FC-9DC3-BFA9A7022479}.Release|Any CPU.ActiveCfg = Release|Any CPU
		{DE69AC87-3384-47FC-9DC3-BFA9A7022479}.Release|Any CPU.Build.0 = Release|Any CPU
	EndGlobalSection
	GlobalSection(SolutionProperties) = preSolution
		HideSolutionNode = FALSE
	EndGlobalSection
	GlobalSection(ExtensibilityGlobals) = postSolution
		SolutionGuid = {F76C0D81-3846-4C96-B94F-A16B9998621A}
	EndGlobalSection
EndGlobal
